
Microsoft Visual Studio Solution File, Format Version 12.00
# Visual Studio Version 17
VisualStudioVersion = 17.11.35312.102
MinimumVisualStudioVersion = 10.0.40219.1
Project("{888888A0-9F3D-457C-B088-3A5042F75D52}") = "AuCD_lab2_RB", "AuCD_lab2_RB\AuCD_lab2_RB.pyproj", "{A8D78FC1-F9CF-4CC3-A222-2D709F5A8565}"
EndProject
Global
	GlobalSection(SolutionConfigurationPlatforms) = preSolution
		Debug|Any CPU = Debug|Any CPU
		Release|Any CPU = Release|Any CPU
	EndGlobalSection
	GlobalSection(ProjectConfigurationPlatforms) = postSolution
		{A8D78FC1-F9CF-4CC3-A222-2D709F5A8565}.Debug|Any CPU.ActiveCfg = Debug|Any CPU
		{A8D78FC1-F9CF-4CC3-A222-2D709F5A8565}.Release|Any CPU.ActiveCfg = Release|Any CPU
	EndGlobalSection
	GlobalSection(SolutionProperties) = preSolution
		HideSolutionNode = FALSE
	EndGlobalSection
	GlobalSection(ExtensibilityGlobals) = postSolution
		SolutionGuid = {BDC67481-E938-4315-8826-98166186FF39}
	EndGlobalSection
EndGlobal
